
Microsoft Visual Studio Solution File, Format Version 12.00
# Visual Studio Version 16
VisualStudioVersion = 16.0.30413.136
MinimumVisualStudioVersion = 10.0.40219.1
Project("{8BC9CEB8-8B4A-11D0-8D11-00A0C91BC942}") = "queue_practice", "queue_practice\queue_practice.vcxproj", "{D9303528-BBF7-49A9-933E-742E78A8A938}"
EndProject
Global
	GlobalSection(SolutionConfigurationPlatforms) = preSolution
		Debug|x64 = Debug|x64
		Debug|x86 = Debug|x86
		Release|x64 = Release|x64
		Release|x86 = Release|x86
	EndGlobalSection
	GlobalSection(ProjectConfigurationPlatforms) = postSolution
		{D9303528-BBF7-49A9-933E-742E78A8A938}.Debug|x64.ActiveCfg = Debug|x64
		{D9303528-BBF7-49A9-933E-742E78A8A938}.Debug|x64.Build.0 = Debug|x64
		{D9303528-BBF7-49A9-933E-742E78A8A938}.Debug|x86.ActiveCfg = Debug|Win32
		{D9303528-BBF7-49A9-933E-742E78A8A938}.Debug|x86.Build.0 = Debug|Win32
		{D9303528-BBF7-49A9-933E-742E78A8A938}.Release|x64.ActiveCfg = Release|x64
		{D9303528-BBF7-49A9-933E-742E78A8A938}.Release|x64.Build.0 = Release|x64
		{D9303528-BBF7-49A9-933E-742E78A8A938}.Release|x86.ActiveCfg = Release|Win32
		{D9303528-BBF7-49A9-933E-742E78A8A938}.Release|x86.Build.0 = Release|Win32
	EndGlobalSection
	GlobalSection(SolutionProperties) = preSolution
		HideSolutionNode = FALSE
	EndGlobalSection
	GlobalSection(ExtensibilityGlobals) = postSolution
		SolutionGuid = {3A0F3F53-8A93-427C-8526-ED14F676C8A6}
	EndGlobalSection
EndGlobal
